
Microsoft Visual Studio Solution File, Format Version 12.00
# Visual Studio Version 17
VisualStudioVersion = 17.2.32526.322
MinimumVisualStudioVersion = 10.0.40219.1
Project("{FAE04EC0-301F-11D3-BF4B-00C04F79EFBC}") = "SymmetricEncryption", "SymmetricEncryption.csproj", "{C5EC32AE-3CC2-4516-B3C4-3FD021635FC5}"
EndProject
Global
	GlobalSection(SolutionConfigurationPlatforms) = preSolution
		Debug|Any CPU = Debug|Any CPU
		Release|Any CPU = Release|Any CPU
	EndGlobalSection
	GlobalSection(ProjectConfigurationPlatforms) = postSolution
		{C5EC32AE-3CC2-4516-B3C4-3FD021635FC5}.Debug|Any CPU.ActiveCfg = Debug|Any CPU
		{C5EC32AE-3CC2-4516-B3C4-3FD021635FC5}.Debug|Any CPU.Build.0 = Debug|Any CPU
		{C5EC32AE-3CC2-4516-B3C4-3FD021635FC5}.Release|Any CPU.ActiveCfg = Release|Any CPU
		{C5EC32AE-3CC2-4516-B3C4-3FD021635FC5}.Release|Any CPU.Build.0 = Release|Any CPU
	EndGlobalSection
	GlobalSection(SolutionProperties) = preSolution
		HideSolutionNode = FALSE
	EndGlobalSection
	GlobalSection(ExtensibilityGlobals) = postSolution
		SolutionGuid = {8A6E3A8E-06A0-46FE-ACC2-1FE8834F4645}
	EndGlobalSection
EndGlobal
